
Microsoft Visual Studio Solution File, Format Version 12.00
# Visual Studio Version 17
VisualStudioVersion = 17.0.31903.59
MinimumVisualStudioVersion = 10.0.40219.1
Project("{2150E333-8FDC-42A3-9474-1A3956D46DE8}") = "src", "src", "{827E0CD3-B72D-47B6-A68D-7590B98EB39B}"
EndProject
Project("{FAE04EC0-301F-11D3-BF4B-00C04F79EFBC}") = "Backend.Api", "src\Api\Backend.Api.csproj", "{F0A88F71-970B-4347-B3B3-FD24E27A4310}"
EndProject
Project("{FAE04EC0-301F-11D3-BF4B-00C04F79EFBC}") = "Backend.Application", "src\Application\Backend.Application.csproj", "{054D3B2A-613C-4994-980E-6A24D529A9C0}"
EndProject
Project("{FAE04EC0-301F-11D3-BF4B-00C04F79EFBC}") = "Backend.Domain", "src\Domain\Backend.Domain.csproj", "{AEB9D96D-FA81-465F-954A-6AC5F201915F}"
EndProject
Project("{FAE04EC0-301F-11D3-BF4B-00C04F79EFBC}") = "Backend.Infrastructure", "src\Infrastructure\Backend.Infrastructure.csproj", "{F7DAC2A3-5DA5-46DF-ADD2-269D246480FB}"
EndProject
Project("{FAE04EC0-301F-11D3-BF4B-00C04F79EFBC}") = "Backend.Shared", "src\Shared\Backend.Shared.csproj", "{3F88D2DF-6F7D-4B6B-9E33-05609FD90718}"
EndProject
Project("{2150E333-8FDC-42A3-9474-1A3956D46DE8}") = "tests", "tests", "{0AB3BF05-4346-4AA6-1389-037BE0695223}"
EndProject
Project("{FAE04EC0-301F-11D3-BF4B-00C04F79EFBC}") = "Backend.UnitTests", "tests\Backend.UnitTests\Backend.UnitTests.csproj", "{EC3C8823-1E78-47DE-9084-C296E9DAB0B0}"
EndProject
Project("{2150E333-8FDC-42A3-9474-1A3956D46DE8}") = "Infrastructure", "Infrastructure", "{9048EB7F-3875-A59E-E36B-5BD4C6F2A282}"
EndProject
Global
	GlobalSection(SolutionConfigurationPlatforms) = preSolution
		Debug|Any CPU = Debug|Any CPU
		Debug|x64 = Debug|x64
		Debug|x86 = Debug|x86
		Release|Any CPU = Release|Any CPU
		Release|x64 = Release|x64
		Release|x86 = Release|x86
	EndGlobalSection
	GlobalSection(ProjectConfigurationPlatforms) = postSolution
		{F0A88F71-970B-4347-B3B3-FD24E27A4310}.Debug|Any CPU.ActiveCfg = Debug|Any CPU
		{F0A88F71-970B-4347-B3B3-FD24E27A4310}.Debug|Any CPU.Build.0 = Debug|Any CPU
		{F0A88F71-970B-4347-B3B3-FD24E27A4310}.Debug|x64.ActiveCfg = Debug|Any CPU
		{F0A88F71-970B-4347-B3B3-FD24E27A4310}.Debug|x64.Build.0 = Debug|Any CPU
		{F0A88F71-970B-4347-B3B3-FD24E27A4310}.Debug|x86.ActiveCfg = Debug|Any CPU
		{F0A88F71-970B-4347-B3B3-FD24E27A4310}.Debug|x86.Build.0 = Debug|Any CPU
		{F0A88F71-970B-4347-B3B3-FD24E27A4310}.Release|Any CPU.ActiveCfg = Release|Any CPU
		{F0A88F71-970B-4347-B3B3-FD24E27A4310}.Release|Any CPU.Build.0 = Release|Any CPU
		{F0A88F71-970B-4347-B3B3-FD24E27A4310}.Release|x64.ActiveCfg = Release|Any CPU
		{F0A88F71-970B-4347-B3B3-FD24E27A4310}.Release|x64.Build.0 = Release|Any CPU
		{F0A88F71-970B-4347-B3B3-FD24E27A4310}.Release|x86.ActiveCfg = Release|Any CPU
		{F0A88F71-970B-4347-B3B3-FD24E27A4310}.Release|x86.Build.0 = Release|Any CPU
		{054D3B2A-613C-4994-980E-6A24D529A9C0}.Debug|Any CPU.ActiveCfg = Debug|Any CPU
		{054D3B2A-613C-4994-980E-6A24D529A9C0}.Debug|Any CPU.Build.0 = Debug|Any CPU
		{054D3B2A-613C-4994-980E-6A24D529A9C0}.Debug|x64.ActiveCfg = Debug|Any CPU
		{054D3B2A-613C-4994-980E-6A24D529A9C0}.Debug|x64.Build.0 = Debug|Any CPU
		{054D3B2A-613C-4994-980E-6A24D529A9C0}.Debug|x86.ActiveCfg = Debug|Any CPU
		{054D3B2A-613C-4994-980E-6A24D529A9C0}.Debug|x86.Build.0 = Debug|Any CPU
		{054D3B2A-613C-4994-980E-6A24D529A9C0}.Release|Any CPU.ActiveCfg = Release|Any CPU
		{054D3B2A-613C-4994-980E-6A24D529A9C0}.Release|Any CPU.Build.0 = Release|Any CPU
		{054D3B2A-613C-4994-980E-6A24D529A9C0}.Release|x64.ActiveCfg = Release|Any CPU
		{054D3B2A-613C-4994-980E-6A24D529A9C0}.Release|x64.Build.0 = Release|Any CPU
		{054D3B2A-613C-4994-980E-6A24D529A9C0}.Release|x86.ActiveCfg = Release|Any CPU
		{054D3B2A-613C-4994-980E-6A24D529A9C0}.Release|x86.Build.0 = Release|Any CPU
		{AEB9D96D-FA81-465F-954A-6AC5F201915F}.Debug|Any CPU.ActiveCfg = Debug|Any CPU
		{AEB9D96D-FA81-465F-954A-6AC5F201915F}.Debug|Any CPU.Build.0 = Debug|Any CPU
		{AEB9D96D-FA81-465F-954A-6AC5F201915F}.Debug|x64.ActiveCfg = Debug|Any CPU
		{AEB9D96D-FA81-465F-954A-6AC5F201915F}.Debug|x64.Build.0 = Debug|Any CPU
		{AEB9D96D-FA81-465F-954A-6AC5F201915F}.Debug|x86.ActiveCfg = Debug|Any CPU
		{AEB9D96D-FA81-465F-954A-6AC5F201915F}.Debug|x86.Build.0 = Debug|Any CPU
		{AEB9D96D-FA81-465F-954A-6AC5F201915F}.Release|Any CPU.ActiveCfg = Release|Any CPU
		{AEB9D96D-FA81-465F-954A-6AC5F201915F}.Release|Any CPU.Build.0 = Release|Any CPU
		{AEB9D96D-FA81-465F-954A-6AC5F201915F}.Release|x64.ActiveCfg = Release|Any CPU
		{AEB9D96D-FA81-465F-954A-6AC5F201915F}.Release|x64.Build.0 = Release|Any CPU
		{AEB9D96D-FA81-465F-954A-6AC5F201915F}.Release|x86.ActiveCfg = Release|Any CPU
		{AEB9D96D-FA81-465F-954A-6AC5F201915F}.Release|x86.Build.0 = Release|Any CPU
		{F7DAC2A3-5DA5-46DF-ADD2-269D246480FB}.Debug|Any CPU.ActiveCfg = Debug|Any CPU
		{F7DAC2A3-5DA5-46DF-ADD2-269D246480FB}.Debug|Any CPU.Build.0 = Debug|Any CPU
		{F7DAC2A3-5DA5-46DF-ADD2-269D246480FB}.Debug|x64.ActiveCfg = Debug|Any CPU
		{F7DAC2A3-5DA5-46DF-ADD2-269D246480FB}.Debug|x64.Build.0 = Debug|Any CPU
		{F7DAC2A3-5DA5-46DF-ADD2-269D246480FB}.Debug|x86.ActiveCfg = Debug|Any CPU
		{F7DAC2A3-5DA5-46DF-ADD2-269D246480FB}.Debug|x86.Build.0 = Debug|Any CPU
		{F7DAC2A3-5DA5-46DF-ADD2-269D246480FB}.Release|Any CPU.ActiveCfg = Release|Any CPU
		{F7DAC2A3-5DA5-46DF-ADD2-269D246480FB}.Release|Any CPU.Build.0 = Release|Any CPU
		{F7DAC2A3-5DA5-46DF-ADD2-269D246480FB}.Release|x64.ActiveCfg = Release|Any CPU
		{F7DAC2A3-5DA5-46DF-ADD2-269D246480FB}.Release|x64.Build.0 = Release|Any CPU
		{F7DAC2A3-5DA5-46DF-ADD2-269D246480FB}.Release|x86.ActiveCfg = Release|Any CPU
		{F7DAC2A3-5DA5-46DF-ADD2-269D246480FB}.Release|x86.Build.0 = Release|Any CPU
		{3F88D2DF-6F7D-4B6B-9E33-05609FD90718}.Debug|Any CPU.ActiveCfg = Debug|Any CPU
		{3F88D2DF-6F7D-4B6B-9E33-05609FD90718}.Debug|Any CPU.Build.0 = Debug|Any CPU
		{3F88D2DF-6F7D-4B6B-9E33-05609FD90718}.Debug|x64.ActiveCfg = Debug|Any CPU
		{3F88D2DF-6F7D-4B6B-9E33-05609FD90718}.Debug|x64.Build.0 = Debug|Any CPU
		{3F88D2DF-6F7D-4B6B-9E33-05609FD90718}.Debug|x86.ActiveCfg = Debug|Any CPU
		{3F88D2DF-6F7D-4B6B-9E33-05609FD90718}.Debug|x86.Build.0 = Debug|Any CPU
		{3F88D2DF-6F7D-4B6B-9E33-05609FD90718}.Release|Any CPU.ActiveCfg = Release|Any CPU
		{3F88D2DF-6F7D-4B6B-9E33-05609FD90718}.Release|Any CPU.Build.0 = Release|Any CPU
		{3F88D2DF-6F7D-4B6B-9E33-05609FD90718}.Release|x64.ActiveCfg = Release|Any CPU
		{3F88D2DF-6F7D-4B6B-9E33-05609FD90718}.Release|x64.Build.0 = Release|Any CPU
		{3F88D2DF-6F7D-4B6B-9E33-05609FD90718}.Release|x86.ActiveCfg = Release|Any CPU
		{3F88D2DF-6F7D-4B6B-9E33-05609FD90718}.Release|x86.Build.0 = Release|Any CPU
		{EC3C8823-1E78-47DE-9084-C296E9DAB0B0}.Debug|Any CPU.ActiveCfg = Debug|Any CPU
		{EC3C8823-1E78-47DE-9084-C296E9DAB0B0}.Debug|Any CPU.Build.0 = Debug|Any CPU
		{EC3C8823-1E78-47DE-9084-C296E9DAB0B0}.Debug|x64.ActiveCfg = Debug|Any CPU
		{EC3C8823-1E78-47DE-9084-C296E9DAB0B0}.Debug|x64.Build.0 = Debug|Any CPU
		{EC3C8823-1E78-47DE-9084-C296E9DAB0B0}.Debug|x86.ActiveCfg = Debug|Any CPU
		{EC3C8823-1E78-47DE-9084-C296E9DAB0B0}.Debug|x86.Build.0 = Debug|Any CPU
		{EC3C8823-1E78-47DE-9084-C296E9DAB0B0}.Release|Any CPU.ActiveCfg = Release|Any CPU
		{EC3C8823-1E78-47DE-9084-C296E9DAB0B0}.Release|Any CPU.Build.0 = Release|Any CPU
		{EC3C8823-1E78-47DE-9084-C296E9DAB0B0}.Release|x64.ActiveCfg = Release|Any CPU
		{EC3C8823-1E78-47DE-9084-C296E9DAB0B0}.Release|x64.Build.0 = Release|Any CPU
		{EC3C8823-1E78-47DE-9084-C296E9DAB0B0}.Release|x86.ActiveCfg = Release|Any CPU
		{EC3C8823-1E78-47DE-9084-C296E9DAB0B0}.Release|x86.Build.0 = Release|Any CPU
	EndGlobalSection
	GlobalSection(SolutionProperties) = preSolution
		HideSolutionNode = FALSE
	EndGlobalSection
	GlobalSection(NestedProjects) = preSolution
		{F0A88F71-970B-4347-B3B3-FD24E27A4310} = {827E0CD3-B72D-47B6-A68D-7590B98EB39B}
		{054D3B2A-613C-4994-980E-6A24D529A9C0} = {827E0CD3-B72D-47B6-A68D-7590B98EB39B}
		{AEB9D96D-FA81-465F-954A-6AC5F201915F} = {827E0CD3-B72D-47B6-A68D-7590B98EB39B}
		{F7DAC2A3-5DA5-46DF-ADD2-269D246480FB} = {827E0CD3-B72D-47B6-A68D-7590B98EB39B}
		{3F88D2DF-6F7D-4B6B-9E33-05609FD90718} = {827E0CD3-B72D-47B6-A68D-7590B98EB39B}
		{EC3C8823-1E78-47DE-9084-C296E9DAB0B0} = {0AB3BF05-4346-4AA6-1389-037BE0695223}
		{9048EB7F-3875-A59E-E36B-5BD4C6F2A282} = {827E0CD3-B72D-47B6-A68D-7590B98EB39B}
	EndGlobalSection
EndGlobal
